// !$*UTF8*$!
{
	archiveVersion = 1;
	classes = {
	};
	objectVersion = 77;
	objects = {

/* Begin PBXBuildFile section */
		687F8FBD2FE01FDF38D792C6 /* Pods_poc_ios_with_kmpTests.framework in Frameworks */ = {isa = PBXBuildFile; fileRef = A397DBD1AB2B467A294BD6C7 /* Pods_poc_ios_with_kmpTests.framework */; };
		CDDC240775B202477000F32B /* Pods_poc_ios_with_kmp_poc_ios_with_kmpUITests.framework in Frameworks */ = {isa = PBXBuildFile; fileRef = 580B89C36CFC1BCDB084D016 /* Pods_poc_ios_with_kmp_poc_ios_with_kmpUITests.framework */; };
		D366E3F12D30BBAF003A13B3 /* Pods_poc_ios_with_kmp.framework in Frameworks */ = {isa = PBXBuildFile; fileRef = 3E7208FBC151D61AEC855E36 /* Pods_poc_ios_with_kmp.framework */; };
/* End PBXBuildFile section */

/* Begin PBXContainerItemProxy section */
		D3B942142D30AF7A008173E7 /* PBXContainerItemProxy */ = {
			isa = PBXContainerItemProxy;
			containerPortal = D3B941FB2D30AF77008173E7 /* Project object */;
			proxyType = 1;
			remoteGlobalIDString = D3B942022D30AF77008173E7;
			remoteInfo = "poc-ios-with-kmp";
		};
		D3B9421E2D30AF7A008173E7 /* PBXContainerItemProxy */ = {
			isa = PBXContainerItemProxy;
			containerPortal = D3B941FB2D30AF77008173E7 /* Project object */;
			proxyType = 1;
			remoteGlobalIDString = D3B942022D30AF77008173E7;
			remoteInfo = "poc-ios-with-kmp";
		};
/* End PBXContainerItemProxy section */

/* Begin PBXFileReference section */
		2DC7F494DA3520E3B5370BBF /* Pods-poc-ios-with-kmp.release.xcconfig */ = {isa = PBXFileReference; includeInIndex = 1; lastKnownFileType = text.xcconfig; name = "Pods-poc-ios-with-kmp.release.xcconfig"; path = "Target Support Files/Pods-poc-ios-with-kmp/Pods-poc-ios-with-kmp.release.xcconfig"; sourceTree = "<group>"; };
		3E7208FBC151D61AEC855E36 /* Pods_poc_ios_with_kmp.framework */ = {isa = PBXFileReference; explicitFileType = wrapper.framework; includeInIndex = 0; path = Pods_poc_ios_with_kmp.framework; sourceTree = BUILT_PRODUCTS_DIR; };
		580B89C36CFC1BCDB084D016 /* Pods_poc_ios_with_kmp_poc_ios_with_kmpUITests.framework */ = {isa = PBXFileReference; explicitFileType = wrapper.framework; includeInIndex = 0; path = Pods_poc_ios_with_kmp_poc_ios_with_kmpUITests.framework; sourceTree = BUILT_PRODUCTS_DIR; };
		9471066ACAB24F3AEC36D957 /* Pods-poc-ios-with-kmp-poc-ios-with-kmpUITests.debug.xcconfig */ = {isa = PBXFileReference; includeInIndex = 1; lastKnownFileType = text.xcconfig; name = "Pods-poc-ios-with-kmp-poc-ios-with-kmpUITests.debug.xcconfig"; path = "Target Support Files/Pods-poc-ios-with-kmp-poc-ios-with-kmpUITests/Pods-poc-ios-with-kmp-poc-ios-with-kmpUITests.debug.xcconfig"; sourceTree = "<group>"; };
		A397DBD1AB2B467A294BD6C7 /* Pods_poc_ios_with_kmpTests.framework */ = {isa = PBXFileReference; explicitFileType = wrapper.framework; includeInIndex = 0; path = Pods_poc_ios_with_kmpTests.framework; sourceTree = BUILT_PRODUCTS_DIR; };
		D3B942032D30AF77008173E7 /* poc-ios-with-kmp.app */ = {isa = PBXFileReference; explicitFileType = wrapper.application; includeInIndex = 0; path = "poc-ios-with-kmp.app"; sourceTree = BUILT_PRODUCTS_DIR; };
		D3B942132D30AF7A008173E7 /* poc-ios-with-kmpTests.xctest */ = {isa = PBXFileReference; explicitFileType = wrapper.cfbundle; includeInIndex = 0; path = "poc-ios-with-kmpTests.xctest"; sourceTree = BUILT_PRODUCTS_DIR; };
		D3B9421D2D30AF7A008173E7 /* poc-ios-with-kmpUITests.xctest */ = {isa = PBXFileReference; explicitFileType = wrapper.cfbundle; includeInIndex = 0; path = "poc-ios-with-kmpUITests.xctest"; sourceTree = BUILT_PRODUCTS_DIR; };
		EC4A3F377E47CF0B6025D7C2 /* Pods-poc-ios-with-kmp-poc-ios-with-kmpUITests.release.xcconfig */ = {isa = PBXFileReference; includeInIndex = 1; lastKnownFileType = text.xcconfig; name = "Pods-poc-ios-with-kmp-poc-ios-with-kmpUITests.release.xcconfig"; path = "Target Support Files/Pods-poc-ios-with-kmp-poc-ios-with-kmpUITests/Pods-poc-ios-with-kmp-poc-ios-with-kmpUITests.release.xcconfig"; sourceTree = "<group>"; };
		F380DF9A3915DEA77373103C /* Pods-poc-ios-with-kmp.debug.xcconfig */ = {isa = PBXFileReference; includeInIndex = 1; lastKnownFileType = text.xcconfig; name = "Pods-poc-ios-with-kmp.debug.xcconfig"; path = "Target Support Files/Pods-poc-ios-with-kmp/Pods-poc-ios-with-kmp.debug.xcconfig"; sourceTree = "<group>"; };
		F3EA13242163BD47FDF15BAE /* Pods-poc-ios-with-kmpTests.debug.xcconfig */ = {isa = PBXFileReference; includeInIndex = 1; lastKnownFileType = text.xcconfig; name = "Pods-poc-ios-with-kmpTests.debug.xcconfig"; path = "Target Support Files/Pods-poc-ios-with-kmpTests/Pods-poc-ios-with-kmpTests.debug.xcconfig"; sourceTree = "<group>"; };
		FBB6520D379EB16D6030707B /* Pods-poc-ios-with-kmpTests.release.xcconfig */ = {isa = PBXFileReference; includeInIndex = 1; lastKnownFileType = text.xcconfig; name = "Pods-poc-ios-with-kmpTests.release.xcconfig"; path = "Target Support Files/Pods-poc-ios-with-kmpTests/Pods-poc-ios-with-kmpTests.release.xcconfig"; sourceTree = "<group>"; };
/* End PBXFileReference section */

/* Begin PBXFileSystemSynchronizedRootGroup section */
		D3B942052D30AF77008173E7 /* poc-ios-with-kmp */ = {
			isa = PBXFileSystemSynchronizedRootGroup;
			path = "poc-ios-with-kmp";
			sourceTree = "<group>";
		};
		D3B942162D30AF7A008173E7 /* poc-ios-with-kmpTests */ = {
			isa = PBXFileSystemSynchronizedRootGroup;
			path = "poc-ios-with-kmpTests";
			sourceTree = "<group>";
		};
		D3B942202D30AF7A008173E7 /* poc-ios-with-kmpUITests */ = {
			isa = PBXFileSystemSynchronizedRootGroup;
			path = "poc-ios-with-kmpUITests";
			sourceTree = "<group>";
		};
/* End PBXFileSystemSynchronizedRootGroup section */

/* Begin PBXFrameworksBuildPhase section */
		D3B942002D30AF77008173E7 /* Frameworks */ = {
			isa = PBXFrameworksBuildPhase;
			buildActionMask = 2147483647;
			files = (
				D366E3F12D30BBAF003A13B3 /* Pods_poc_ios_with_kmp.framework in Frameworks */,
			);
			runOnlyForDeploymentPostprocessing = 0;
		};
		D3B942102D30AF7A008173E7 /* Frameworks */ = {
			isa = PBXFrameworksBuildPhase;
			buildActionMask = 2147483647;
			files = (
				687F8FBD2FE01FDF38D792C6 /* Pods_poc_ios_with_kmpTests.framework in Frameworks */,
			);
			runOnlyForDeploymentPostprocessing = 0;
		};
		D3B9421A2D30AF7A008173E7 /* Frameworks */ = {
			isa = PBXFrameworksBuildPhase;
			buildActionMask = 2147483647;
			files = (
				CDDC240775B202477000F32B /* Pods_poc_ios_with_kmp_poc_ios_with_kmpUITests.framework in Frameworks */,
			);
			runOnlyForDeploymentPostprocessing = 0;
		};
/* End PBXFrameworksBuildPhase section */

/* Begin PBXGroup section */
		853780946F748FC547C8FDC8 /* Frameworks */ = {
			isa = PBXGroup;
			children = (
				3E7208FBC151D61AEC855E36 /* Pods_poc_ios_with_kmp.framework */,
				580B89C36CFC1BCDB084D016 /* Pods_poc_ios_with_kmp_poc_ios_with_kmpUITests.framework */,
				A397DBD1AB2B467A294BD6C7 /* Pods_poc_ios_with_kmpTests.framework */,
			);
			name = Frameworks;
			sourceTree = "<group>";
		};
		8B4E37A7EBC48B12278E5CF3 /* Pods */ = {
			isa = PBXGroup;
			children = (
				F380DF9A3915DEA77373103C /* Pods-poc-ios-with-kmp.debug.xcconfig */,
				2DC7F494DA3520E3B5370BBF /* Pods-poc-ios-with-kmp.release.xcconfig */,
				9471066ACAB24F3AEC36D957 /* Pods-poc-ios-with-kmp-poc-ios-with-kmpUITests.debug.xcconfig */,
				EC4A3F377E47CF0B6025D7C2 /* Pods-poc-ios-with-kmp-poc-ios-with-kmpUITests.release.xcconfig */,
				F3EA13242163BD47FDF15BAE /* Pods-poc-ios-with-kmpTests.debug.xcconfig */,
				FBB6520D379EB16D6030707B /* Pods-poc-ios-with-kmpTests.release.xcconfig */,
			);
			path = Pods;
			sourceTree = "<group>";
		};
		D3B941FA2D30AF77008173E7 = {
			isa = PBXGroup;
			children = (
				D3B942052D30AF77008173E7 /* poc-ios-with-kmp */,
				D3B942162D30AF7A008173E7 /* poc-ios-with-kmpTests */,
				D3B942202D30AF7A008173E7 /* poc-ios-with-kmpUITests */,
				D3B942042D30AF77008173E7 /* Products */,
				8B4E37A7EBC48B12278E5CF3 /* Pods */,
				853780946F748FC547C8FDC8 /* Frameworks */,
			);
			sourceTree = "<group>";
		};
		D3B942042D30AF77008173E7 /* Products */ = {
			isa = PBXGroup;
			children = (
				D3B942032D30AF77008173E7 /* poc-ios-with-kmp.app */,
				D3B942132D30AF7A008173E7 /* poc-ios-with-kmpTests.xctest */,
				D3B9421D2D30AF7A008173E7 /* poc-ios-with-kmpUITests.xctest */,
			);
			name = Products;
			sourceTree = "<group>";
		};
/* End PBXGroup section */

/* Begin PBXNativeTarget section */
		D3B942022D30AF77008173E7 /* poc-ios-with-kmp */ = {
			isa = PBXNativeTarget;
			buildConfigurationList = D3B942272D30AF7A008173E7 /* Build configuration list for PBXNativeTarget "poc-ios-with-kmp" */;
			buildPhases = (
				87632D9A6AA795AD4BDD2A5D /* [CP] Check Pods Manifest.lock */,
				D3B941FF2D30AF77008173E7 /* Sources */,
				D3B942002D30AF77008173E7 /* Frameworks */,
				D3B942012D30AF77008173E7 /* Resources */,
			);
			buildRules = (
			);
			dependencies = (
			);
			fileSystemSynchronizedGroups = (
				D3B942052D30AF77008173E7 /* poc-ios-with-kmp */,
			);
			name = "poc-ios-with-kmp";
			productName = "poc-ios-with-kmp";
			productReference = D3B942032D30AF77008173E7 /* poc-ios-with-kmp.app */;
			productType = "com.apple.product-type.application";
		};
		D3B942122D30AF7A008173E7 /* poc-ios-with-kmpTests */ = {
			isa = PBXNativeTarget;
			buildConfigurationList = D3B9422A2D30AF7A008173E7 /* Build configuration list for PBXNativeTarget "poc-ios-with-kmpTests" */;
			buildPhases = (
				2E84374DF922177736CEDB20 /* [CP] Check Pods Manifest.lock */,
				D3B9420F2D30AF7A008173E7 /* Sources */,
				D3B942102D30AF7A008173E7 /* Frameworks */,
				D3B942112D30AF7A008173E7 /* Resources */,
			);
			buildRules = (
			);
			dependencies = (
				D3B942152D30AF7A008173E7 /* PBXTargetDependency */,
			);
			fileSystemSynchronizedGroups = (
				D3B942162D30AF7A008173E7 /* poc-ios-with-kmpTests */,
			);
			name = "poc-ios-with-kmpTests";
			productName = "poc-ios-with-kmpTests";
			productReference = D3B942132D30AF7A008173E7 /* poc-ios-with-kmpTests.xctest */;
			productType = "com.apple.product-type.bundle.unit-test";
		};
		D3B9421C2D30AF7A008173E7 /* poc-ios-with-kmpUITests */ = {
			isa = PBXNativeTarget;
			buildConfigurationList = D3B9422D2D30AF7A008173E7 /* Build configuration list for PBXNativeTarget "poc-ios-with-kmpUITests" */;
			buildPhases = (
				3E27ADCFA54911F6BDA8F26E /* [CP] Check Pods Manifest.lock */,
				D3B942192D30AF7A008173E7 /* Sources */,
				D3B9421A2D30AF7A008173E7 /* Frameworks */,
				D3B9421B2D30AF7A008173E7 /* Resources */,
			);
			buildRules = (
			);
			dependencies = (
				D3B9421F2D30AF7A008173E7 /* PBXTargetDependency */,
			);
			fileSystemSynchronizedGroups = (
				D3B942202D30AF7A008173E7 /* poc-ios-with-kmpUITests */,
			);
			name = "poc-ios-with-kmpUITests";
			productName = "poc-ios-with-kmpUITests";
			productReference = D3B9421D2D30AF7A008173E7 /* poc-ios-with-kmpUITests.xctest */;
			productType = "com.apple.product-type.bundle.ui-testing";
		};
/* End PBXNativeTarget section */

/* Begin PBXProject section */
		D3B941FB2D30AF77008173E7 /* Project object */ = {
			isa = PBXProject;
			attributes = {
				BuildIndependentTargetsInParallel = 1;
				LastSwiftUpdateCheck = 1620;
				LastUpgradeCheck = 1620;
				TargetAttributes = {
					D3B942022D30AF77008173E7 = {
						CreatedOnToolsVersion = 16.2;
					};
					D3B942122D30AF7A008173E7 = {
						CreatedOnToolsVersion = 16.2;
						TestTargetID = D3B942022D30AF77008173E7;
					};
					D3B9421C2D30AF7A008173E7 = {
						CreatedOnToolsVersion = 16.2;
						TestTargetID = D3B942022D30AF77008173E7;
					};
				};
			};
			buildConfigurationList = D3B941FE2D30AF77008173E7 /* Build configuration list for PBXProject "poc-ios-with-kmp" */;
			developmentRegion = en;
			hasScannedForEncodings = 0;
			knownRegions = (
				en,
				Base,
			);
			mainGroup = D3B941FA2D30AF77008173E7;
			minimizedProjectReferenceProxies = 1;
			preferredProjectObjectVersion = 77;
			productRefGroup = D3B942042D30AF77008173E7 /* Products */;
			projectDirPath = "";
			projectRoot = "";
			targets = (
				D3B942022D30AF77008173E7 /* poc-ios-with-kmp */,
				D3B942122D30AF7A008173E7 /* poc-ios-with-kmpTests */,
				D3B9421C2D30AF7A008173E7 /* poc-ios-with-kmpUITests */,
			);
		};
/* End PBXProject section */

/* Begin PBXResourcesBuildPhase section */
		D3B942012D30AF77008173E7 /* Resources */ = {
			isa = PBXResourcesBuildPhase;
			buildActionMask = 2147483647;
			files = (
			);
			runOnlyForDeploymentPostprocessing = 0;
		};
		D3B942112D30AF7A008173E7 /* Resources */ = {
			isa = PBXResourcesBuildPhase;
			buildActionMask = 2147483647;
			files = (
			);
			runOnlyForDeploymentPostprocessing = 0;
		};
		D3B9421B2D30AF7A008173E7 /* Resources */ = {
			isa = PBXResourcesBuildPhase;
			buildActionMask = 2147483647;
			files = (
			);
			runOnlyForDeploymentPostprocessing = 0;
		};
/* End PBXResourcesBuildPhase section */

/* Begin PBXShellScriptBuildPhase section */
		2E84374DF922177736CEDB20 /* [CP] Check Pods Manifest.lock */ = {
			isa = PBXShellScriptBuildPhase;
			buildActionMask = 2147483647;
			files = (
			);
			inputFileListPaths = (
			);
			inputPaths = (
				"${PODS_PODFILE_DIR_PATH}/Podfile.lock",
				"${PODS_ROOT}/Manifest.lock",
			);
			name = "[CP] Check Pods Manifest.lock";
			outputFileListPaths = (
			);
			outputPaths = (
				"$(DERIVED_FILE_DIR)/Pods-poc-ios-with-kmpTests-checkManifestLockResult.txt",
			);
			runOnlyForDeploymentPostprocessing = 0;
			shellPath = /bin/sh;
			shellScript = "diff \"${PODS_PODFILE_DIR_PATH}/Podfile.lock\" \"${PODS_ROOT}/Manifest.lock\" > /dev/null\nif [ $? != 0 ] ; then\n    # print error to STDERR\n    echo \"error: The sandbox is not in sync with the Podfile.lock. Run 'pod install' or update your CocoaPods installation.\" >&2\n    exit 1\nfi\n# This output is used by Xcode 'outputs' to avoid re-running this script phase.\necho \"SUCCESS\" > \"${SCRIPT_OUTPUT_FILE_0}\"\n";
			showEnvVarsInLog = 0;
		};
		3E27ADCFA54911F6BDA8F26E /* [CP] Check Pods Manifest.lock */ = {
			isa = PBXShellScriptBuildPhase;
			buildActionMask = 2147483647;
			files = (
			);
			inputFileListPaths = (
			);
			inputPaths = (
				"${PODS_PODFILE_DIR_PATH}/Podfile.lock",
				"${PODS_ROOT}/Manifest.lock",
			);
			name = "[CP] Check Pods Manifest.lock";
			outputFileListPaths = (
			);
			outputPaths = (
				"$(DERIVED_FILE_DIR)/Pods-poc-ios-with-kmp-poc-ios-with-kmpUITests-checkManifestLockResult.txt",
			);
			runOnlyForDeploymentPostprocessing = 0;
			shellPath = /bin/sh;
			shellScript = "diff \"${PODS_PODFILE_DIR_PATH}/Podfile.lock\" \"${PODS_ROOT}/Manifest.lock\" > /dev/null\nif [ $? != 0 ] ; then\n    # print error to STDERR\n    echo \"error: The sandbox is not in sync with the Podfile.lock. Run 'pod install' or update your CocoaPods installation.\" >&2\n    exit 1\nfi\n# This output is used by Xcode 'outputs' to avoid re-running this script phase.\necho \"SUCCESS\" > \"${SCRIPT_OUTPUT_FILE_0}\"\n";
			showEnvVarsInLog = 0;
		};
		87632D9A6AA795AD4BDD2A5D /* [CP] Check Pods Manifest.lock */ = {
			isa = PBXShellScriptBuildPhase;
			buildActionMask = 2147483647;
			files = (
			);
			inputFileListPaths = (
			);
			inputPaths = (
				"${PODS_PODFILE_DIR_PATH}/Podfile.lock",
				"${PODS_ROOT}/Manifest.lock",
			);
			name = "[CP] Check Pods Manifest.lock";
			outputFileListPaths = (
			);
			outputPaths = (
				"$(DERIVED_FILE_DIR)/Pods-poc-ios-with-kmp-checkManifestLockResult.txt",
			);
			runOnlyForDeploymentPostprocessing = 0;
			shellPath = /bin/sh;
			shellScript = "diff \"${PODS_PODFILE_DIR_PATH}/Podfile.lock\" \"${PODS_ROOT}/Manifest.lock\" > /dev/null\nif [ $? != 0 ] ; then\n    # print error to STDERR\n    echo \"error: The sandbox is not in sync with the Podfile.lock. Run 'pod install' or update your CocoaPods installation.\" >&2\n    exit 1\nfi\n# This output is used by Xcode 'outputs' to avoid re-running this script phase.\necho \"SUCCESS\" > \"${SCRIPT_OUTPUT_FILE_0}\"\n";
			showEnvVarsInLog = 0;
		};
/* End PBXShellScriptBuildPhase section */

/* Begin PBXSourcesBuildPhase section */
		D3B941FF2D30AF77008173E7 /* Sources */ = {
			isa = PBXSourcesBuildPhase;
			buildActionMask = 2147483647;
			files = (
			);
			runOnlyForDeploymentPostprocessing = 0;
		};
		D3B9420F2D30AF7A008173E7 /* Sources */ = {
			isa = PBXSourcesBuildPhase;
			buildActionMask = 2147483647;
			files = (
			);
			runOnlyForDeploymentPostprocessing = 0;
		};
		D3B942192D30AF7A008173E7 /* Sources */ = {
			isa = PBXSourcesBuildPhase;
			buildActionMask = 2147483647;
			files = (
			);
			runOnlyForDeploymentPostprocessing = 0;
		};
/* End PBXSourcesBuildPhase section */

/* Begin PBXTargetDependency section */
		D3B942152D30AF7A008173E7 /* PBXTargetDependency */ = {
			isa = PBXTargetDependency;
			target = D3B942022D30AF77008173E7 /* poc-ios-with-kmp */;
			targetProxy = D3B942142D30AF7A008173E7 /* PBXContainerItemProxy */;
		};
		D3B9421F2D30AF7A008173E7 /* PBXTargetDependency */ = {
			isa = PBXTargetDependency;
			target = D3B942022D30AF77008173E7 /* poc-ios-with-kmp */;
			targetProxy = D3B9421E2D30AF7A008173E7 /* PBXContainerItemProxy */;
		};
/* End PBXTargetDependency section */

/* Begin XCBuildConfiguration section */
		D3B942252D30AF7A008173E7 /* Debug */ = {
			isa = XCBuildConfiguration;
			buildSettings = {
				ALWAYS_SEARCH_USER_PATHS = NO;
				ASSETCATALOG_COMPILER_GENERATE_SWIFT_ASSET_SYMBOL_EXTENSIONS = YES;
				CLANG_ANALYZER_NONNULL = YES;
				CLANG_ANALYZER_NUMBER_OBJECT_CONVERSION = YES_AGGRESSIVE;
				CLANG_CXX_LANGUAGE_STANDARD = "gnu++20";
				CLANG_ENABLE_MODULES = YES;
				CLANG_ENABLE_OBJC_ARC = YES;
				CLANG_ENABLE_OBJC_WEAK = YES;
				CLANG_WARN_BLOCK_CAPTURE_AUTORELEASING = YES;
				CLANG_WARN_BOOL_CONVERSION = YES;
				CLANG_WARN_COMMA = YES;
				CLANG_WARN_CONSTANT_CONVERSION = YES;
				CLANG_WARN_DEPRECATED_OBJC_IMPLEMENTATIONS = YES;
				CLANG_WARN_DIRECT_OBJC_ISA_USAGE = YES_ERROR;
				CLANG_WARN_DOCUMENTATION_COMMENTS = YES;
				CLANG_WARN_EMPTY_BODY = YES;
				CLANG_WARN_ENUM_CONVERSION = YES;
				CLANG_WARN_INFINITE_RECURSION = YES;
				CLANG_WARN_INT_CONVERSION = YES;
				CLANG_WARN_NON_LITERAL_NULL_CONVERSION = YES;
				CLANG_WARN_OBJC_IMPLICIT_RETAIN_SELF = YES;
				CLANG_WARN_OBJC_LITERAL_CONVERSION = YES;
				CLANG_WARN_OBJC_ROOT_CLASS = YES_ERROR;
				CLANG_WARN_QUOTED_INCLUDE_IN_FRAMEWORK_HEADER = YES;
				CLANG_WARN_RANGE_LOOP_ANALYSIS = YES;
				CLANG_WARN_STRICT_PROTOTYPES = YES;
				CLANG_WARN_SUSPICIOUS_MOVE = YES;
				CLANG_WARN_UNGUARDED_AVAILABILITY = YES_AGGRESSIVE;
				CLANG_WARN_UNREACHABLE_CODE = YES;
				CLANG_WARN__DUPLICATE_METHOD_MATCH = YES;
				COPY_PHASE_STRIP = NO;
				DEBUG_INFORMATION_FORMAT = dwarf;
				ENABLE_STRICT_OBJC_MSGSEND = YES;
				ENABLE_TESTABILITY = YES;
				ENABLE_USER_SCRIPT_SANDBOXING = YES;
				GCC_C_LANGUAGE_STANDARD = gnu17;
				GCC_DYNAMIC_NO_PIC = NO;
				GCC_NO_COMMON_BLOCKS = YES;
				GCC_OPTIMIZATION_LEVEL = 0;
				GCC_PREPROCESSOR_DEFINITIONS = (
					"DEBUG=1",
					"$(inherited)",
				);
				GCC_WARN_64_TO_32_BIT_CONVERSION = YES;
				GCC_WARN_ABOUT_RETURN_TYPE = YES_ERROR;
				GCC_WARN_UNDECLARED_SELECTOR = YES;
				GCC_WARN_UNINITIALIZED_AUTOS = YES_AGGRESSIVE;
				GCC_WARN_UNUSED_FUNCTION = YES;
				GCC_WARN_UNUSED_VARIABLE = YES;
				IPHONEOS_DEPLOYMENT_TARGET = 18.2;
				LOCALIZATION_PREFERS_STRING_CATALOGS = YES;
				MTL_ENABLE_DEBUG_INFO = INCLUDE_SOURCE;
				MTL_FAST_MATH = YES;
				ONLY_ACTIVE_ARCH = YES;
				SDKROOT = iphoneos;
				SWIFT_ACTIVE_COMPILATION_CONDITIONS = "DEBUG $(inherited)";
				SWIFT_OPTIMIZATION_LEVEL = "-Onone";
			};
			name = Debug;
		};
		D3B942262D30AF7A008173E7 /* Release */ = {
			isa = XCBuildConfiguration;
			buildSettings = {
				ALWAYS_SEARCH_USER_PATHS = NO;
				ASSETCATALOG_COMPILER_GENERATE_SWIFT_ASSET_SYMBOL_EXTENSIONS = YES;
				CLANG_ANALYZER_NONNULL = YES;
				CLANG_ANALYZER_NUMBER_OBJECT_CONVERSION = YES_AGGRESSIVE;
				CLANG_CXX_LANGUAGE_STANDARD = "gnu++20";
				CLANG_ENABLE_MODULES = YES;
				CLANG_ENABLE_OBJC_ARC = YES;
				CLANG_ENABLE_OBJC_WEAK = YES;
				CLANG_WARN_BLOCK_CAPTURE_AUTORELEASING = YES;
				CLANG_WARN_BOOL_CONVERSION = YES;
				CLANG_WARN_COMMA = YES;
				CLANG_WARN_CONSTANT_CONVERSION = YES;
				CLANG_WARN_DEPRECATED_OBJC_IMPLEMENTATIONS = YES;
				CLANG_WARN_DIRECT_OBJC_ISA_USAGE = YES_ERROR;
				CLANG_WARN_DOCUMENTATION_COMMENTS = YES;
				CLANG_WARN_EMPTY_BODY = YES;
				CLANG_WARN_ENUM_CONVERSION = YES;
				CLANG_WARN_INFINITE_RECURSION = YES;
				CLANG_WARN_INT_CONVERSION = YES;
				CLANG_WARN_NON_LITERAL_NULL_CONVERSION = YES;
				CLANG_WARN_OBJC_IMPLICIT_RETAIN_SELF = YES;
				CLANG_WARN_OBJC_LITERAL_CONVERSION = YES;
				CLANG_WARN_OBJC_ROOT_CLASS = YES_ERROR;
				CLANG_WARN_QUOTED_INCLUDE_IN_FRAMEWORK_HEADER = YES;
				CLANG_WARN_RANGE_LOOP_ANALYSIS = YES;
				CLANG_WARN_STRICT_PROTOTYPES = YES;
				CLANG_WARN_SUSPICIOUS_MOVE = YES;
				CLANG_WARN_UNGUARDED_AVAILABILITY = YES_AGGRESSIVE;
				CLANG_WARN_UNREACHABLE_CODE = YES;
				CLANG_WARN__DUPLICATE_METHOD_MATCH = YES;
				COPY_PHASE_STRIP = NO;
				DEBUG_INFORMATION_FORMAT = "dwarf-with-dsym";
				ENABLE_NS_ASSERTIONS = NO;
				ENABLE_STRICT_OBJC_MSGSEND = YES;
				ENABLE_USER_SCRIPT_SANDBOXING = YES;
				GCC_C_LANGUAGE_STANDARD = gnu17;
				GCC_NO_COMMON_BLOCKS = YES;
				GCC_WARN_64_TO_32_BIT_CONVERSION = YES;
				GCC_WARN_ABOUT_RETURN_TYPE = YES_ERROR;
				GCC_WARN_UNDECLARED_SELECTOR = YES;
				GCC_WARN_UNINITIALIZED_AUTOS = YES_AGGRESSIVE;
				GCC_WARN_UNUSED_FUNCTION = YES;
				GCC_WARN_UNUSED_VARIABLE = YES;
				IPHONEOS_DEPLOYMENT_TARGET = 18.2;
				LOCALIZATION_PREFERS_STRING_CATALOGS = YES;
				MTL_ENABLE_DEBUG_INFO = NO;
				MTL_FAST_MATH = YES;
				SDKROOT = iphoneos;
				SWIFT_COMPILATION_MODE = wholemodule;
				VALIDATE_PRODUCT = YES;
			};
			name = Release;
		};
		D3B942282D30AF7A008173E7 /* Debug */ = {
			isa = XCBuildConfiguration;
			baseConfigurationReference = F380DF9A3915DEA77373103C /* Pods-poc-ios-with-kmp.debug.xcconfig */;
			buildSettings = {
				ASSETCATALOG_COMPILER_APPICON_NAME = AppIcon;
				ASSETCATALOG_COMPILER_GLOBAL_ACCENT_COLOR_NAME = AccentColor;
				CODE_SIGN_STYLE = Automatic;
				CURRENT_PROJECT_VERSION = 1;
				DEVELOPMENT_ASSET_PATHS = "\"poc-ios-with-kmp/Preview Content\"";
				DEVELOPMENT_TEAM = 3BQT59N4KD;
				ENABLE_PREVIEWS = YES;
				GENERATE_INFOPLIST_FILE = YES;
				INFOPLIST_KEY_UIApplicationSceneManifest_Generation = YES;
				INFOPLIST_KEY_UIApplicationSupportsIndirectInputEvents = YES;
				INFOPLIST_KEY_UILaunchScreen_Generation = YES;
				INFOPLIST_KEY_UISupportedInterfaceOrientations_iPad = "UIInterfaceOrientationPortrait UIInterfaceOrientationPortraitUpsideDown UIInterfaceOrientationLandscapeLeft UIInterfaceOrientationLandscapeRight";
				INFOPLIST_KEY_UISupportedInterfaceOrientations_iPhone = "UIInterfaceOrientationPortrait UIInterfaceOrientationLandscapeLeft UIInterfaceOrientationLandscapeRight";
				LD_RUNPATH_SEARCH_PATHS = (
					"$(inherited)",
					"@executable_path/Frameworks",
				);
				MARKETING_VERSION = 1.0;
				PRODUCT_BUNDLE_IDENTIFIER = "dev.koga.poc-ios-with-kmp";
				PRODUCT_NAME = "$(TARGET_NAME)";
				SWIFT_EMIT_LOC_STRINGS = YES;
				SWIFT_VERSION = 5.0;
				TARGETED_DEVICE_FAMILY = "1,2";
			};
			name = Debug;
		};
		D3B942292D30AF7A008173E7 /* Release */ = {
			isa = XCBuildConfiguration;
			baseConfigurationReference = 2DC7F494DA3520E3B5370BBF /* Pods-poc-ios-with-kmp.release.xcconfig */;
			buildSettings = {
				ASSETCATALOG_COMPILER_APPICON_NAME = AppIcon;
				ASSETCATALOG_COMPILER_GLOBAL_ACCENT_COLOR_NAME = AccentColor;
				CODE_SIGN_STYLE = Automatic;
				CURRENT_PROJECT_VERSION = 1;
				DEVELOPMENT_ASSET_PATHS = "\"poc-ios-with-kmp/Preview Content\"";
				DEVELOPMENT_TEAM = 3BQT59N4KD;
				ENABLE_PREVIEWS = YES;
				GENERATE_INFOPLIST_FILE = YES;
				INFOPLIST_KEY_UIApplicationSceneManifest_Generation = YES;
				INFOPLIST_KEY_UIApplicationSupportsIndirectInputEvents = YES;
				INFOPLIST_KEY_UILaunchScreen_Generation = YES;
				INFOPLIST_KEY_UISupportedInterfaceOrientations_iPad = "UIInterfaceOrientationPortrait UIInterfaceOrientationPortraitUpsideDown UIInterfaceOrientationLandscapeLeft UIInterfaceOrientationLandscapeRight";
				INFOPLIST_KEY_UISupportedInterfaceOrientations_iPhone = "UIInterfaceOrientationPortrait UIInterfaceOrientationLandscapeLeft UIInterfaceOrientationLandscapeRight";
				LD_RUNPATH_SEARCH_PATHS = (
					"$(inherited)",
					"@executable_path/Frameworks",
				);
				MARKETING_VERSION = 1.0;
				PRODUCT_BUNDLE_IDENTIFIER = "dev.koga.poc-ios-with-kmp";
				PRODUCT_NAME = "$(TARGET_NAME)";
				SWIFT_EMIT_LOC_STRINGS = YES;
				SWIFT_VERSION = 5.0;
				TARGETED_DEVICE_FAMILY = "1,2";
			};
			name = Release;
		};
		D3B9422B2D30AF7A008173E7 /* Debug */ = {
			isa = XCBuildConfiguration;
			baseConfigurationReference = F3EA13242163BD47FDF15BAE /* Pods-poc-ios-with-kmpTests.debug.xcconfig */;
			buildSettings = {
				BUNDLE_LOADER = "$(TEST_HOST)";
				CODE_SIGN_STYLE = Automatic;
				CURRENT_PROJECT_VERSION = 1;
				DEVELOPMENT_TEAM = 3BQT59N4KD;
				GENERATE_INFOPLIST_FILE = YES;
				IPHONEOS_DEPLOYMENT_TARGET = 18.2;
				MARKETING_VERSION = 1.0;
				PRODUCT_BUNDLE_IDENTIFIER = "dev.koga.poc-ios-with-kmpTests";
				PRODUCT_NAME = "$(TARGET_NAME)";
				SWIFT_EMIT_LOC_STRINGS = NO;
				SWIFT_VERSION = 5.0;
				TARGETED_DEVICE_FAMILY = "1,2";
				TEST_HOST = "$(BUILT_PRODUCTS_DIR)/poc-ios-with-kmp.app/$(BUNDLE_EXECUTABLE_FOLDER_PATH)/poc-ios-with-kmp";
			};
			name = Debug;
		};
		D3B9422C2D30AF7A008173E7 /* Release */ = {
			isa = XCBuildConfiguration;
			baseConfigurationReference = FBB6520D379EB16D6030707B /* Pods-poc-ios-with-kmpTests.release.xcconfig */;
			buildSettings = {
				BUNDLE_LOADER = "$(TEST_HOST)";
				CODE_SIGN_STYLE = Automatic;
				CURRENT_PROJECT_VERSION = 1;
				DEVELOPMENT_TEAM = 3BQT59N4KD;
				GENERATE_INFOPLIST_FILE = YES;
				IPHONEOS_DEPLOYMENT_TARGET = 18.2;
				MARKETING_VERSION = 1.0;
				PRODUCT_BUNDLE_IDENTIFIER = "dev.koga.poc-ios-with-kmpTests";
				PRODUCT_NAME = "$(TARGET_NAME)";
				SWIFT_EMIT_LOC_STRINGS = NO;
				SWIFT_VERSION = 5.0;
				TARGETED_DEVICE_FAMILY = "1,2";
				TEST_HOST = "$(BUILT_PRODUCTS_DIR)/poc-ios-with-kmp.app/$(BUNDLE_EXECUTABLE_FOLDER_PATH)/poc-ios-with-kmp";
			};
			name = Release;
		};
		D3B9422E2D30AF7A008173E7 /* Debug */ = {
			isa = XCBuildConfiguration;
			baseConfigurationReference = 9471066ACAB24F3AEC36D957 /* Pods-poc-ios-with-kmp-poc-ios-with-kmpUITests.debug.xcconfig */;
			buildSettings = {
				CODE_SIGN_STYLE = Automatic;
				CURRENT_PROJECT_VERSION = 1;
				DEVELOPMENT_TEAM = 3BQT59N4KD;
				GENERATE_INFOPLIST_FILE = YES;
				MARKETING_VERSION = 1.0;
				PRODUCT_BUNDLE_IDENTIFIER = "dev.koga.poc-ios-with-kmpUITests";
				PRODUCT_NAME = "$(TARGET_NAME)";
				SWIFT_EMIT_LOC_STRINGS = NO;
				SWIFT_VERSION = 5.0;
				TARGETED_DEVICE_FAMILY = "1,2";
				TEST_TARGET_NAME = "poc-ios-with-kmp";
			};
			name = Debug;
		};
		D3B9422F2D30AF7A008173E7 /* Release */ = {
			isa = XCBuildConfiguration;
			baseConfigurationReference = EC4A3F377E47CF0B6025D7C2 /* Pods-poc-ios-with-kmp-poc-ios-with-kmpUITests.release.xcconfig */;
			buildSettings = {
				CODE_SIGN_STYLE = Automatic;
				CURRENT_PROJECT_VERSION = 1;
				DEVELOPMENT_TEAM = 3BQT59N4KD;
				GENERATE_INFOPLIST_FILE = YES;
				MARKETING_VERSION = 1.0;
				PRODUCT_BUNDLE_IDENTIFIER = "dev.koga.poc-ios-with-kmpUITests";
				PRODUCT_NAME = "$(TARGET_NAME)";
				SWIFT_EMIT_LOC_STRINGS = NO;
				SWIFT_VERSION = 5.0;
				TARGETED_DEVICE_FAMILY = "1,2";
				TEST_TARGET_NAME = "poc-ios-with-kmp";
			};
			name = Release;
		};
/* End XCBuildConfiguration section */

/* Begin XCConfigurationList section */
		D3B941FE2D30AF77008173E7 /* Build configuration list for PBXProject "poc-ios-with-kmp" */ = {
			isa = XCConfigurationList;
			buildConfigurations = (
				D3B942252D30AF7A008173E7 /* Debug */,
				D3B942262D30AF7A008173E7 /* Release */,
			);
			defaultConfigurationIsVisible = 0;
			defaultConfigurationName = Release;
		};
		D3B942272D30AF7A008173E7 /* Build configuration list for PBXNativeTarget "poc-ios-with-kmp" */ = {
			isa = XCConfigurationList;
			buildConfigurations = (
				D3B942282D30AF7A008173E7 /* Debug */,
				D3B942292D30AF7A008173E7 /* Release */,
			);
			defaultConfigurationIsVisible = 0;
			defaultConfigurationName = Release;
		};
		D3B9422A2D30AF7A008173E7 /* Build configuration list for PBXNativeTarget "poc-ios-with-kmpTests" */ = {
			isa = XCConfigurationList;
			buildConfigurations = (
				D3B9422B2D30AF7A008173E7 /* Debug */,
				D3B9422C2D30AF7A008173E7 /* Release */,
			);
			defaultConfigurationIsVisible = 0;
			defaultConfigurationName = Release;
		};
		D3B9422D2D30AF7A008173E7 /* Build configuration list for PBXNativeTarget "poc-ios-with-kmpUITests" */ = {
			isa = XCConfigurationList;
			buildConfigurations = (
				D3B9422E2D30AF7A008173E7 /* Debug */,
				D3B9422F2D30AF7A008173E7 /* Release */,
			);
			defaultConfigurationIsVisible = 0;
			defaultConfigurationName = Release;
		};
/* End XCConfigurationList section */
	};
	rootObject = D3B941FB2D30AF77008173E7 /* Project object */;
}
